{
  "requires": true,
  "lockfileVersion": 1,
  "dependencies": {
    "commander": {
      "version": "2.20.0",
      "resolved": "https://registry.npmjs.org/commander/-/commander-2.20.0.tgz",
      "integrity": "sha512-7j2y+40w61zy6YC2iRNpUe/NwhNyoXrYpHMrSunaMG64nRnaf96zO/KMQR4OyN/UnE5KLyEBnKHd4aG3rskjpQ=="
    },
    "gitbook-plugin-chapter-fold": {
      "version": "0.0.4",
      "resolved": "https://registry.npmjs.org/gitbook-plugin-chapter-fold/-/gitbook-plugin-chapter-fold-0.0.4.tgz",
      "integrity": "sha1-3NWiH4C8vJjAiEGXdMOXrm1EY+8="
    },
    "katex": {
      "version": "0.10.1",
      "resolved": "https://registry.npmjs.org/katex/-/katex-0.10.1.tgz",
      "integrity": "sha512-iZXZ2L8pEP7HXBLAaeWkdLxnoRQ8Fdks8IuIVt01tYb+D8e0em5JYgfe6J48wXsuEr512IRCN5Kvwb9FjZH6kg==",
      "requires": {
        "commander": "^2.19.0"
      }
    }
  }
}
